
Microsoft Visual Studio Solution File, Format Version 12.00
# Visual Studio Version 17
VisualStudioVersion = 17.10.35122.118
MinimumVisualStudioVersion = 10.0.40219.1
Project("{2150E333-8FDC-42A3-9474-1A3956D46DE8}") = "src", "src", "{EF24FD40-10EC-41D2-9A29-0C8A39C656C4}"
EndProject
Project("{2150E333-8FDC-42A3-9474-1A3956D46DE8}") = "BuildingBlocks", "BuildingBlocks", "{0F4381BF-0978-4C0D-A345-95A0BD61D769}"
EndProject
Project("{9A19103F-16F7-4668-BE54-9A1E7A4F7556}") = "BuildingBlocks", "src\BuildingBlocks\BuildingBlocks\BuildingBlocks.csproj", "{C02FFCAB-966D-427C-B4F7-170C71A0454C}"
EndProject
Project("{9A19103F-16F7-4668-BE54-9A1E7A4F7556}") = "BuildingBlocks.Messaging", "src\BuildingBlocks\BuildingBlocks.Messaging\BuildingBlocks.Messaging.csproj", "{DCC9DA17-688F-419A-A7F2-08813C613B55}"
EndProject
Project("{2150E333-8FDC-42A3-9474-1A3956D46DE8}") = "Services", "Services", "{5391C725-5909-4CDD-A052-2F5C800F972B}"
EndProject
Project("{9A19103F-16F7-4668-BE54-9A1E7A4F7556}") = "Authentication.API", "src\Services\Authentication\Authentication.API\Authentication.API.csproj", "{070FE0D8-1B19-4859-84CF-BB4A63B69AC6}"
EndProject
Project("{E53339B2-1760-4266-BCC7-CA923CBCF16C}") = "docker-compose", "docker-compose.dcproj", "{75C874B9-BAB0-40B0-824E-DB49F0B1CAA6}"
EndProject
Project("{2150E333-8FDC-42A3-9474-1A3956D46DE8}") = "Authentication", "Authentication", "{3D9091D3-6ADD-4C79-B34A-67DFF08A645A}"
EndProject
Project("{2150E333-8FDC-42A3-9474-1A3956D46DE8}") = "HumanResource", "HumanResource", "{807A17F2-FAB6-4A63-8291-7C54235965D5}"
EndProject
Project("{9A19103F-16F7-4668-BE54-9A1E7A4F7556}") = "HumanResource.Grpc", "src\Services\HumanResource\HumanResource.Grpc\HumanResource.Grpc.csproj", "{9E39D61C-6094-4514-BC85-CB294B41DB92}"
EndProject
Project("{9A19103F-16F7-4668-BE54-9A1E7A4F7556}") = "BuildingBlocks.Strings", "src\BuildingBlocks\BuildingBlocks.Strings\BuildingBlocks.Strings.csproj", "{3ECBED0F-DB76-460E-9E45-10525EDD117F}"
EndProject
Project("{9A19103F-16F7-4668-BE54-9A1E7A4F7556}") = "Authentication.DataAccess", "src\Services\Authentication\Authentication.DataAccess\Authentication.DataAccess.csproj", "{44D76251-1461-4DE4-891E-E7CCE6FD40A8}"
EndProject
Project("{9A19103F-16F7-4668-BE54-9A1E7A4F7556}") = "Authentication.Business", "src\Services\Authentication\Authentication.Business\Authentication.Business.csproj", "{7DE4A4D3-F3A1-41CD-AB2D-B886E60DC836}"
EndProject
Project("{2150E333-8FDC-42A3-9474-1A3956D46DE8}") = "tests", "tests", "{98F9921B-E87B-4C90-B143-AA200048969A}"
EndProject
Project("{2150E333-8FDC-42A3-9474-1A3956D46DE8}") = "AuthenticationService", "AuthenticationService", "{EE1DE71C-DE5A-4DD4-B5C9-CF0903AF1278}"
EndProject
Project("{FAE04EC0-301F-11D3-BF4B-00C04F79EFBC}") = "AuthenticationService.FunctionalTests", "tests\AuthenticationService\AuthenticationService.FunctionalTests\AuthenticationService.FunctionalTests.csproj", "{6C0E7588-ED29-4FBB-977C-B6EE6A6727D0}"
EndProject
Project("{2150E333-8FDC-42A3-9474-1A3956D46DE8}") = "ApiGateways", "ApiGateways", "{188698B4-1493-43AD-8F9D-51C10F71BFD7}"
EndProject
Project("{FAE04EC0-301F-11D3-BF4B-00C04F79EFBC}") = "YarpApiGateWay", "src\ApiGateways\YarpApiGateWay\YarpApiGateWay.csproj", "{6746F0A4-490C-4F2E-BBE1-8E455F413FBE}"
EndProject
Project("{2150E333-8FDC-42A3-9474-1A3956D46DE8}") = "Inventory", "Inventory", "{02EA681E-C7D8-13C7-8484-4AC65E1B71E8}"
EndProject
Project("{FAE04EC0-301F-11D3-BF4B-00C04F79EFBC}") = "Inventory.API", "src\Services\Inventory\Inventory.API\Inventory.API.csproj", "{40DAF7AD-9C9A-4C16-8BA8-5A5B4E17FAD5}"
EndProject
Project("{FAE04EC0-301F-11D3-BF4B-00C04F79EFBC}") = "Inventory.Domain", "src\Services\Inventory\Inventory.Domain\Inventory.Domain.csproj", "{152C01CA-B05D-4D85-8191-D424BA007FC0}"
EndProject
Project("{FAE04EC0-301F-11D3-BF4B-00C04F79EFBC}") = "Inventory.Infrastructure", "src\Services\Inventory\Inventory.Infrastructure\Inventory.Infrastructure.csproj", "{139D9D81-E598-4775-B7D8-E75FDEC33EBE}"
EndProject
Project("{FAE04EC0-301F-11D3-BF4B-00C04F79EFBC}") = "Inventory.Application", "src\Services\Inventory\Inventory.Application\Inventory.Application.csproj", "{C20EE26A-55CE-4367-9ED5-01BD154593EA}"
EndProject
Project("{2150E333-8FDC-42A3-9474-1A3956D46DE8}") = "InventoryService", "InventoryService", "{4047BCCD-7C4B-400C-9212-70997E3A8411}"
EndProject
Project("{FAE04EC0-301F-11D3-BF4B-00C04F79EFBC}") = "InventoryService.FunctionalTests", "tests\InventoryService\InventoryService.FunctionalTests\InventoryService.FunctionalTests.csproj", "{8723772C-FB69-4695-8A71-1E10F9B1DCAA}"
EndProject
Project("{2150E333-8FDC-42A3-9474-1A3956D46DE8}") = "CustomerInfo", "CustomerInfo", "{175E0039-F004-438F-AE5F-4DE9AF272022}"
EndProject
Project("{FAE04EC0-301F-11D3-BF4B-00C04F79EFBC}") = "CustomerInfo.Grpc", "src\Services\CustomerInfo\CustomerInfo.Grpc\CustomerInfo.Grpc.csproj", "{8209F4CE-98B6-4FBC-9170-69CAB2FB693E}"
EndProject
Project("{2150E333-8FDC-42A3-9474-1A3956D46DE8}") = "VaccinationReception", "VaccinationReception", "{27515C80-83E5-4488-81D2-2ED4E0C7FF6D}"
EndProject
Project("{FAE04EC0-301F-11D3-BF4B-00C04F79EFBC}") = "VaccinationReception.API", "src\Services\VaccinationReception\VaccinationReception.API\VaccinationReception.API.csproj", "{E23D5CB3-0163-4C8F-99A7-1447B6CEF54D}"
EndProject
Project("{FAE04EC0-301F-11D3-BF4B-00C04F79EFBC}") = "VaccinationReception.Application", "src\Services\VaccinationReception\VaccinationReception.Application\VaccinationReception.Application.csproj", "{5935F25F-5DFA-48D7-AD2E-D29F9CAA92B7}"
EndProject
Project("{FAE04EC0-301F-11D3-BF4B-00C04F79EFBC}") = "VaccinationReception.Domain", "src\Services\VaccinationReception\VaccinationReception.Domain\VaccinationReception.Domain.csproj", "{8C7E0CDC-4F0B-4ABA-A890-176CFCD70A3B}"
EndProject
Project("{FAE04EC0-301F-11D3-BF4B-00C04F79EFBC}") = "VaccinationReception.Infrastructure", "src\Services\VaccinationReception\VaccinationReception.Infrastructure\VaccinationReception.Infrastructure.csproj", "{E897D9D4-E6DE-4C36-B160-8ED2A5F861FF}"
EndProject
Project("{2150E333-8FDC-42A3-9474-1A3956D46DE8}") = "VaccinationReceptionService", "VaccinationReceptionService", "{DD7A1635-08D0-4B4F-A4F5-30680783E31E}"
EndProject
Project("{FAE04EC0-301F-11D3-BF4B-00C04F79EFBC}") = "VaccinationReceptionService.FunctionalTests", "tests\VaccinationReceptionService\VaccinationReceptionService.FunctionalTests\VaccinationReceptionService.FunctionalTests.csproj", "{779BF145-31E7-4A2D-BC2F-D97CAA64D066}"
EndProject
Project("{2150E333-8FDC-42A3-9474-1A3956D46DE8}") = "Management", "Management", "{44ABAF90-18F4-4D38-AA72-BCD8EFBED855}"
EndProject
Project("{FAE04EC0-301F-11D3-BF4B-00C04F79EFBC}") = "Management.API", "src\Services\Management\Management.API\Management.API.csproj", "{667DF5E8-BEBF-4CDF-BF88-CCF10BD23D84}"
EndProject
Project("{2150E333-8FDC-42A3-9474-1A3956D46DE8}") = "ManagementService", "ManagementService", "{B85E0114-68A7-4450-A89E-84F4EDE95A7D}"
EndProject
Project("{FAE04EC0-301F-11D3-BF4B-00C04F79EFBC}") = "ManagementService.FunctionalTests", "tests\ManagementService\ManagementService.FunctionalTests\ManagementService.FunctionalTests.csproj", "{6402ED61-F034-4E68-AF8A-186AA99AB1C8}"
EndProject
Project("{2150E333-8FDC-42A3-9474-1A3956D46DE8}") = "HospitalService", "HospitalService", "{339755C0-1410-4295-9C05-ED5C5D449F54}"
EndProject
Project("{FAE04EC0-301F-11D3-BF4B-00C04F79EFBC}") = "HospitalService.API", "src\Services\HospitalService\HospitalService.API\HospitalService.API.csproj", "{9AA02299-28B6-492B-9A0E-19E3B1E1AD83}"
EndProject
Project("{FAE04EC0-301F-11D3-BF4B-00C04F79EFBC}") = "HospitalService.Application", "src\Services\HospitalService\HospitalService.Application\HospitalService.Application.csproj", "{079586F8-570C-43D8-973A-FB4F35097FE9}"
EndProject
Project("{FAE04EC0-301F-11D3-BF4B-00C04F79EFBC}") = "HospitalService.Domain", "src\Services\HospitalService\HospitalService.Domain\HospitalService.Domain.csproj", "{241F1FF2-BDE5-42A0-9C96-5316AA30D811}"
EndProject
Project("{FAE04EC0-301F-11D3-BF4B-00C04F79EFBC}") = "HospitalService.Infrastructure", "src\Services\HospitalService\HospitalService.Infrastructure\HospitalService.Infrastructure.csproj", "{E6CD1FB9-539D-4425-9EAD-8292E70424F9}"
EndProject
Project("{2150E333-8FDC-42A3-9474-1A3956D46DE8}") = "HospitalService", "HospitalService", "{5FA5A4AE-1434-4702-9E46-FB1185D405A7}"
EndProject
Project("{FAE04EC0-301F-11D3-BF4B-00C04F79EFBC}") = "HospitalService.FunctionalTests", "tests\HospitalService\HospitalService.FunctionalTests\HospitalService.FunctionalTests.csproj", "{00273D9B-4B0E-4934-8995-EE16B86DF2A7}"
EndProject
Project("{2150E333-8FDC-42A3-9474-1A3956D46DE8}") = "Workers", "Workers", "{43F65E96-B35C-48A2-97C4-4FE6C4559E4B}"
EndProject
Project("{FAE04EC0-301F-11D3-BF4B-00C04F79EFBC}") = "Workers.Email", "src\Workers\Workers.Email\Workers.Email.csproj", "{B3452BD8-3C9F-492D-A736-2456B408865A}"
EndProject
Project("{2150E333-8FDC-42A3-9474-1A3956D46DE8}") = "FileStorage", "FileStorage", "{22998657-FAED-4993-9B8C-23B6BE5220DC}"
EndProject
Project("{FAE04EC0-301F-11D3-BF4B-00C04F79EFBC}") = "FileStorage.API", "src\Services\FileStorage\FileStorage.API\FileStorage.API.csproj", "{8B7C7DE3-047D-4A1B-B9C5-E9E049556FA5}"
EndProject
Project("{2150E333-8FDC-42A3-9474-1A3956D46DE8}") = "Appointment", "Appointment", "{557FEE00-E916-4E03-A5E2-B8C52FFF88CA}"
EndProject
Project("{FAE04EC0-301F-11D3-BF4B-00C04F79EFBC}") = "Appointment.API", "src\Services\Appointment\Appointment.API\Appointment.API.csproj", "{75E03CDD-4252-4A15-8EFA-992EE1EC2EC7}"
EndProject
Project("{2150E333-8FDC-42A3-9474-1A3956D46DE8}") = "AppointmentService", "AppointmentService", "{A5259B6F-A6E8-4E50-BD15-2D0550D7C9A0}"
EndProject
Project("{FAE04EC0-301F-11D3-BF4B-00C04F79EFBC}") = "AppointmentService.FunctionalTests", "tests\AppointmentService\AppointmentService.FunctionalTests\AppointmentService.FunctionalTests.csproj", "{92E9F8A0-BEC6-4774-ACB1-072CBD274921}"
EndProject
Project("{2150E333-8FDC-42A3-9474-1A3956D46DE8}") = "Solution Items", "Solution Items", "{8EC462FD-D22E-90A8-E5CE-7E832BA40C5D}"
	ProjectSection(SolutionItems) = preProject
		test.runsettings = test.runsettings
	EndProjectSection
EndProject
Global
	GlobalSection(SolutionConfigurationPlatforms) = preSolution
		Debug|Any CPU = Debug|Any CPU
		Release|Any CPU = Release|Any CPU
	EndGlobalSection
	GlobalSection(ProjectConfigurationPlatforms) = postSolution
		{C02FFCAB-966D-427C-B4F7-170C71A0454C}.Debug|Any CPU.ActiveCfg = Debug|Any CPU
		{C02FFCAB-966D-427C-B4F7-170C71A0454C}.Debug|Any CPU.Build.0 = Debug|Any CPU
		{C02FFCAB-966D-427C-B4F7-170C71A0454C}.Release|Any CPU.ActiveCfg = Release|Any CPU
		{C02FFCAB-966D-427C-B4F7-170C71A0454C}.Release|Any CPU.Build.0 = Release|Any CPU
		{DCC9DA17-688F-419A-A7F2-08813C613B55}.Debug|Any CPU.ActiveCfg = Debug|Any CPU
		{DCC9DA17-688F-419A-A7F2-08813C613B55}.Debug|Any CPU.Build.0 = Debug|Any CPU
		{DCC9DA17-688F-419A-A7F2-08813C613B55}.Release|Any CPU.ActiveCfg = Release|Any CPU
		{DCC9DA17-688F-419A-A7F2-08813C613B55}.Release|Any CPU.Build.0 = Release|Any CPU
		{070FE0D8-1B19-4859-84CF-BB4A63B69AC6}.Debug|Any CPU.ActiveCfg = Debug|Any CPU
		{070FE0D8-1B19-4859-84CF-BB4A63B69AC6}.Debug|Any CPU.Build.0 = Debug|Any CPU
		{070FE0D8-1B19-4859-84CF-BB4A63B69AC6}.Release|Any CPU.ActiveCfg = Release|Any CPU
		{070FE0D8-1B19-4859-84CF-BB4A63B69AC6}.Release|Any CPU.Build.0 = Release|Any CPU
		{75C874B9-BAB0-40B0-824E-DB49F0B1CAA6}.Debug|Any CPU.ActiveCfg = Debug|Any CPU
		{75C874B9-BAB0-40B0-824E-DB49F0B1CAA6}.Debug|Any CPU.Build.0 = Debug|Any CPU
		{75C874B9-BAB0-40B0-824E-DB49F0B1CAA6}.Release|Any CPU.ActiveCfg = Release|Any CPU
		{75C874B9-BAB0-40B0-824E-DB49F0B1CAA6}.Release|Any CPU.Build.0 = Release|Any CPU
		{9E39D61C-6094-4514-BC85-CB294B41DB92}.Debug|Any CPU.ActiveCfg = Debug|Any CPU
		{9E39D61C-6094-4514-BC85-CB294B41DB92}.Debug|Any CPU.Build.0 = Debug|Any CPU
		{9E39D61C-6094-4514-BC85-CB294B41DB92}.Release|Any CPU.ActiveCfg = Release|Any CPU
		{9E39D61C-6094-4514-BC85-CB294B41DB92}.Release|Any CPU.Build.0 = Release|Any CPU
		{3ECBED0F-DB76-460E-9E45-10525EDD117F}.Debug|Any CPU.ActiveCfg = Debug|Any CPU
		{3ECBED0F-DB76-460E-9E45-10525EDD117F}.Debug|Any CPU.Build.0 = Debug|Any CPU
		{3ECBED0F-DB76-460E-9E45-10525EDD117F}.Release|Any CPU.ActiveCfg = Release|Any CPU
		{3ECBED0F-DB76-460E-9E45-10525EDD117F}.Release|Any CPU.Build.0 = Release|Any CPU
		{44D76251-1461-4DE4-891E-E7CCE6FD40A8}.Debug|Any CPU.ActiveCfg = Debug|Any CPU
		{44D76251-1461-4DE4-891E-E7CCE6FD40A8}.Debug|Any CPU.Build.0 = Debug|Any CPU
		{44D76251-1461-4DE4-891E-E7CCE6FD40A8}.Release|Any CPU.ActiveCfg = Release|Any CPU
		{44D76251-1461-4DE4-891E-E7CCE6FD40A8}.Release|Any CPU.Build.0 = Release|Any CPU
		{7DE4A4D3-F3A1-41CD-AB2D-B886E60DC836}.Debug|Any CPU.ActiveCfg = Debug|Any CPU
		{7DE4A4D3-F3A1-41CD-AB2D-B886E60DC836}.Debug|Any CPU.Build.0 = Debug|Any CPU
		{7DE4A4D3-F3A1-41CD-AB2D-B886E60DC836}.Release|Any CPU.ActiveCfg = Release|Any CPU
		{7DE4A4D3-F3A1-41CD-AB2D-B886E60DC836}.Release|Any CPU.Build.0 = Release|Any CPU
		{6C0E7588-ED29-4FBB-977C-B6EE6A6727D0}.Debug|Any CPU.ActiveCfg = Debug|Any CPU
		{6C0E7588-ED29-4FBB-977C-B6EE6A6727D0}.Debug|Any CPU.Build.0 = Debug|Any CPU
		{6C0E7588-ED29-4FBB-977C-B6EE6A6727D0}.Release|Any CPU.ActiveCfg = Release|Any CPU
		{6C0E7588-ED29-4FBB-977C-B6EE6A6727D0}.Release|Any CPU.Build.0 = Release|Any CPU
		{6746F0A4-490C-4F2E-BBE1-8E455F413FBE}.Debug|Any CPU.ActiveCfg = Debug|Any CPU
		{6746F0A4-490C-4F2E-BBE1-8E455F413FBE}.Debug|Any CPU.Build.0 = Debug|Any CPU
		{6746F0A4-490C-4F2E-BBE1-8E455F413FBE}.Release|Any CPU.ActiveCfg = Release|Any CPU
		{6746F0A4-490C-4F2E-BBE1-8E455F413FBE}.Release|Any CPU.Build.0 = Release|Any CPU
		{40DAF7AD-9C9A-4C16-8BA8-5A5B4E17FAD5}.Debug|Any CPU.ActiveCfg = Debug|Any CPU
		{40DAF7AD-9C9A-4C16-8BA8-5A5B4E17FAD5}.Debug|Any CPU.Build.0 = Debug|Any CPU
		{40DAF7AD-9C9A-4C16-8BA8-5A5B4E17FAD5}.Release|Any CPU.ActiveCfg = Release|Any CPU
		{40DAF7AD-9C9A-4C16-8BA8-5A5B4E17FAD5}.Release|Any CPU.Build.0 = Release|Any CPU
		{152C01CA-B05D-4D85-8191-D424BA007FC0}.Debug|Any CPU.ActiveCfg = Debug|Any CPU
		{152C01CA-B05D-4D85-8191-D424BA007FC0}.Debug|Any CPU.Build.0 = Debug|Any CPU
		{152C01CA-B05D-4D85-8191-D424BA007FC0}.Release|Any CPU.ActiveCfg = Release|Any CPU
		{152C01CA-B05D-4D85-8191-D424BA007FC0}.Release|Any CPU.Build.0 = Release|Any CPU
		{139D9D81-E598-4775-B7D8-E75FDEC33EBE}.Debug|Any CPU.ActiveCfg = Debug|Any CPU
		{139D9D81-E598-4775-B7D8-E75FDEC33EBE}.Debug|Any CPU.Build.0 = Debug|Any CPU
		{139D9D81-E598-4775-B7D8-E75FDEC33EBE}.Release|Any CPU.ActiveCfg = Release|Any CPU
		{139D9D81-E598-4775-B7D8-E75FDEC33EBE}.Release|Any CPU.Build.0 = Release|Any CPU
		{C20EE26A-55CE-4367-9ED5-01BD154593EA}.Debug|Any CPU.ActiveCfg = Debug|Any CPU
		{C20EE26A-55CE-4367-9ED5-01BD154593EA}.Debug|Any CPU.Build.0 = Debug|Any CPU
		{C20EE26A-55CE-4367-9ED5-01BD154593EA}.Release|Any CPU.ActiveCfg = Release|Any CPU
		{C20EE26A-55CE-4367-9ED5-01BD154593EA}.Release|Any CPU.Build.0 = Release|Any CPU
		{8723772C-FB69-4695-8A71-1E10F9B1DCAA}.Debug|Any CPU.ActiveCfg = Debug|Any CPU
		{8723772C-FB69-4695-8A71-1E10F9B1DCAA}.Debug|Any CPU.Build.0 = Debug|Any CPU
		{8723772C-FB69-4695-8A71-1E10F9B1DCAA}.Release|Any CPU.ActiveCfg = Release|Any CPU
		{8723772C-FB69-4695-8A71-1E10F9B1DCAA}.Release|Any CPU.Build.0 = Release|Any CPU
		{8209F4CE-98B6-4FBC-9170-69CAB2FB693E}.Debug|Any CPU.ActiveCfg = Debug|Any CPU
		{8209F4CE-98B6-4FBC-9170-69CAB2FB693E}.Debug|Any CPU.Build.0 = Debug|Any CPU
		{8209F4CE-98B6-4FBC-9170-69CAB2FB693E}.Release|Any CPU.ActiveCfg = Release|Any CPU
		{8209F4CE-98B6-4FBC-9170-69CAB2FB693E}.Release|Any CPU.Build.0 = Release|Any CPU
		{E23D5CB3-0163-4C8F-99A7-1447B6CEF54D}.Debug|Any CPU.ActiveCfg = Debug|Any CPU
		{E23D5CB3-0163-4C8F-99A7-1447B6CEF54D}.Debug|Any CPU.Build.0 = Debug|Any CPU
		{E23D5CB3-0163-4C8F-99A7-1447B6CEF54D}.Release|Any CPU.ActiveCfg = Release|Any CPU
		{E23D5CB3-0163-4C8F-99A7-1447B6CEF54D}.Release|Any CPU.Build.0 = Release|Any CPU
		{5935F25F-5DFA-48D7-AD2E-D29F9CAA92B7}.Debug|Any CPU.ActiveCfg = Debug|Any CPU
		{5935F25F-5DFA-48D7-AD2E-D29F9CAA92B7}.Debug|Any CPU.Build.0 = Debug|Any CPU
		{5935F25F-5DFA-48D7-AD2E-D29F9CAA92B7}.Release|Any CPU.ActiveCfg = Release|Any CPU
		{5935F25F-5DFA-48D7-AD2E-D29F9CAA92B7}.Release|Any CPU.Build.0 = Release|Any CPU
		{8C7E0CDC-4F0B-4ABA-A890-176CFCD70A3B}.Debug|Any CPU.ActiveCfg = Debug|Any CPU
		{8C7E0CDC-4F0B-4ABA-A890-176CFCD70A3B}.Debug|Any CPU.Build.0 = Debug|Any CPU
		{8C7E0CDC-4F0B-4ABA-A890-176CFCD70A3B}.Release|Any CPU.ActiveCfg = Release|Any CPU
		{8C7E0CDC-4F0B-4ABA-A890-176CFCD70A3B}.Release|Any CPU.Build.0 = Release|Any CPU
		{E897D9D4-E6DE-4C36-B160-8ED2A5F861FF}.Debug|Any CPU.ActiveCfg = Debug|Any CPU
		{E897D9D4-E6DE-4C36-B160-8ED2A5F861FF}.Debug|Any CPU.Build.0 = Debug|Any CPU
		{E897D9D4-E6DE-4C36-B160-8ED2A5F861FF}.Release|Any CPU.ActiveCfg = Release|Any CPU
		{E897D9D4-E6DE-4C36-B160-8ED2A5F861FF}.Release|Any CPU.Build.0 = Release|Any CPU
		{779BF145-31E7-4A2D-BC2F-D97CAA64D066}.Debug|Any CPU.ActiveCfg = Debug|Any CPU
		{779BF145-31E7-4A2D-BC2F-D97CAA64D066}.Debug|Any CPU.Build.0 = Debug|Any CPU
		{779BF145-31E7-4A2D-BC2F-D97CAA64D066}.Release|Any CPU.ActiveCfg = Release|Any CPU
		{779BF145-31E7-4A2D-BC2F-D97CAA64D066}.Release|Any CPU.Build.0 = Release|Any CPU
		{667DF5E8-BEBF-4CDF-BF88-CCF10BD23D84}.Debug|Any CPU.ActiveCfg = Debug|Any CPU
		{667DF5E8-BEBF-4CDF-BF88-CCF10BD23D84}.Debug|Any CPU.Build.0 = Debug|Any CPU
		{667DF5E8-BEBF-4CDF-BF88-CCF10BD23D84}.Release|Any CPU.ActiveCfg = Release|Any CPU
		{667DF5E8-BEBF-4CDF-BF88-CCF10BD23D84}.Release|Any CPU.Build.0 = Release|Any CPU
		{6402ED61-F034-4E68-AF8A-186AA99AB1C8}.Debug|Any CPU.ActiveCfg = Debug|Any CPU
		{6402ED61-F034-4E68-AF8A-186AA99AB1C8}.Debug|Any CPU.Build.0 = Debug|Any CPU
		{6402ED61-F034-4E68-AF8A-186AA99AB1C8}.Release|Any CPU.ActiveCfg = Release|Any CPU
		{6402ED61-F034-4E68-AF8A-186AA99AB1C8}.Release|Any CPU.Build.0 = Release|Any CPU
		{9AA02299-28B6-492B-9A0E-19E3B1E1AD83}.Debug|Any CPU.ActiveCfg = Debug|Any CPU
		{9AA02299-28B6-492B-9A0E-19E3B1E1AD83}.Debug|Any CPU.Build.0 = Debug|Any CPU
		{9AA02299-28B6-492B-9A0E-19E3B1E1AD83}.Release|Any CPU.ActiveCfg = Release|Any CPU
		{9AA02299-28B6-492B-9A0E-19E3B1E1AD83}.Release|Any CPU.Build.0 = Release|Any CPU
		{079586F8-570C-43D8-973A-FB4F35097FE9}.Debug|Any CPU.ActiveCfg = Debug|Any CPU
		{079586F8-570C-43D8-973A-FB4F35097FE9}.Debug|Any CPU.Build.0 = Debug|Any CPU
		{079586F8-570C-43D8-973A-FB4F35097FE9}.Release|Any CPU.ActiveCfg = Release|Any CPU
		{079586F8-570C-43D8-973A-FB4F35097FE9}.Release|Any CPU.Build.0 = Release|Any CPU
		{241F1FF2-BDE5-42A0-9C96-5316AA30D811}.Debug|Any CPU.ActiveCfg = Debug|Any CPU
		{241F1FF2-BDE5-42A0-9C96-5316AA30D811}.Debug|Any CPU.Build.0 = Debug|Any CPU
		{241F1FF2-BDE5-42A0-9C96-5316AA30D811}.Release|Any CPU.ActiveCfg = Release|Any CPU
		{241F1FF2-BDE5-42A0-9C96-5316AA30D811}.Release|Any CPU.Build.0 = Release|Any CPU
		{E6CD1FB9-539D-4425-9EAD-8292E70424F9}.Debug|Any CPU.ActiveCfg = Debug|Any CPU
		{E6CD1FB9-539D-4425-9EAD-8292E70424F9}.Debug|Any CPU.Build.0 = Debug|Any CPU
		{E6CD1FB9-539D-4425-9EAD-8292E70424F9}.Release|Any CPU.ActiveCfg = Release|Any CPU
		{E6CD1FB9-539D-4425-9EAD-8292E70424F9}.Release|Any CPU.Build.0 = Release|Any CPU
		{00273D9B-4B0E-4934-8995-EE16B86DF2A7}.Debug|Any CPU.ActiveCfg = Debug|Any CPU
		{00273D9B-4B0E-4934-8995-EE16B86DF2A7}.Debug|Any CPU.Build.0 = Debug|Any CPU
		{00273D9B-4B0E-4934-8995-EE16B86DF2A7}.Release|Any CPU.ActiveCfg = Release|Any CPU
		{00273D9B-4B0E-4934-8995-EE16B86DF2A7}.Release|Any CPU.Build.0 = Release|Any CPU
		{B3452BD8-3C9F-492D-A736-2456B408865A}.Debug|Any CPU.ActiveCfg = Debug|Any CPU
		{B3452BD8-3C9F-492D-A736-2456B408865A}.Debug|Any CPU.Build.0 = Debug|Any CPU
		{B3452BD8-3C9F-492D-A736-2456B408865A}.Release|Any CPU.ActiveCfg = Release|Any CPU
		{B3452BD8-3C9F-492D-A736-2456B408865A}.Release|Any CPU.Build.0 = Release|Any CPU
		{8B7C7DE3-047D-4A1B-B9C5-E9E049556FA5}.Debug|Any CPU.ActiveCfg = Debug|Any CPU
		{8B7C7DE3-047D-4A1B-B9C5-E9E049556FA5}.Debug|Any CPU.Build.0 = Debug|Any CPU
		{8B7C7DE3-047D-4A1B-B9C5-E9E049556FA5}.Release|Any CPU.ActiveCfg = Release|Any CPU
		{8B7C7DE3-047D-4A1B-B9C5-E9E049556FA5}.Release|Any CPU.Build.0 = Release|Any CPU
		{75E03CDD-4252-4A15-8EFA-992EE1EC2EC7}.Debug|Any CPU.ActiveCfg = Debug|Any CPU
		{75E03CDD-4252-4A15-8EFA-992EE1EC2EC7}.Debug|Any CPU.Build.0 = Debug|Any CPU
		{75E03CDD-4252-4A15-8EFA-992EE1EC2EC7}.Release|Any CPU.ActiveCfg = Release|Any CPU
		{75E03CDD-4252-4A15-8EFA-992EE1EC2EC7}.Release|Any CPU.Build.0 = Release|Any CPU
		{92E9F8A0-BEC6-4774-ACB1-072CBD274921}.Debug|Any CPU.ActiveCfg = Debug|Any CPU
		{92E9F8A0-BEC6-4774-ACB1-072CBD274921}.Debug|Any CPU.Build.0 = Debug|Any CPU
		{92E9F8A0-BEC6-4774-ACB1-072CBD274921}.Release|Any CPU.ActiveCfg = Release|Any CPU
		{92E9F8A0-BEC6-4774-ACB1-072CBD274921}.Release|Any CPU.Build.0 = Release|Any CPU
	EndGlobalSection
	GlobalSection(SolutionProperties) = preSolution
		HideSolutionNode = FALSE
	EndGlobalSection
	GlobalSection(NestedProjects) = preSolution
		{0F4381BF-0978-4C0D-A345-95A0BD61D769} = {EF24FD40-10EC-41D2-9A29-0C8A39C656C4}
		{C02FFCAB-966D-427C-B4F7-170C71A0454C} = {0F4381BF-0978-4C0D-A345-95A0BD61D769}
		{DCC9DA17-688F-419A-A7F2-08813C613B55} = {0F4381BF-0978-4C0D-A345-95A0BD61D769}
		{5391C725-5909-4CDD-A052-2F5C800F972B} = {EF24FD40-10EC-41D2-9A29-0C8A39C656C4}
		{070FE0D8-1B19-4859-84CF-BB4A63B69AC6} = {3D9091D3-6ADD-4C79-B34A-67DFF08A645A}
		{3D9091D3-6ADD-4C79-B34A-67DFF08A645A} = {5391C725-5909-4CDD-A052-2F5C800F972B}
		{807A17F2-FAB6-4A63-8291-7C54235965D5} = {5391C725-5909-4CDD-A052-2F5C800F972B}
		{9E39D61C-6094-4514-BC85-CB294B41DB92} = {807A17F2-FAB6-4A63-8291-7C54235965D5}
		{3ECBED0F-DB76-460E-9E45-10525EDD117F} = {0F4381BF-0978-4C0D-A345-95A0BD61D769}
		{44D76251-1461-4DE4-891E-E7CCE6FD40A8} = {3D9091D3-6ADD-4C79-B34A-67DFF08A645A}
		{7DE4A4D3-F3A1-41CD-AB2D-B886E60DC836} = {3D9091D3-6ADD-4C79-B34A-67DFF08A645A}
		{EE1DE71C-DE5A-4DD4-B5C9-CF0903AF1278} = {98F9921B-E87B-4C90-B143-AA200048969A}
		{6C0E7588-ED29-4FBB-977C-B6EE6A6727D0} = {EE1DE71C-DE5A-4DD4-B5C9-CF0903AF1278}
		{188698B4-1493-43AD-8F9D-51C10F71BFD7} = {EF24FD40-10EC-41D2-9A29-0C8A39C656C4}
		{6746F0A4-490C-4F2E-BBE1-8E455F413FBE} = {188698B4-1493-43AD-8F9D-51C10F71BFD7}
		{02EA681E-C7D8-13C7-8484-4AC65E1B71E8} = {5391C725-5909-4CDD-A052-2F5C800F972B}
		{40DAF7AD-9C9A-4C16-8BA8-5A5B4E17FAD5} = {02EA681E-C7D8-13C7-8484-4AC65E1B71E8}
		{152C01CA-B05D-4D85-8191-D424BA007FC0} = {02EA681E-C7D8-13C7-8484-4AC65E1B71E8}
		{139D9D81-E598-4775-B7D8-E75FDEC33EBE} = {02EA681E-C7D8-13C7-8484-4AC65E1B71E8}
		{C20EE26A-55CE-4367-9ED5-01BD154593EA} = {02EA681E-C7D8-13C7-8484-4AC65E1B71E8}
		{4047BCCD-7C4B-400C-9212-70997E3A8411} = {98F9921B-E87B-4C90-B143-AA200048969A}
		{8723772C-FB69-4695-8A71-1E10F9B1DCAA} = {4047BCCD-7C4B-400C-9212-70997E3A8411}
		{175E0039-F004-438F-AE5F-4DE9AF272022} = {5391C725-5909-4CDD-A052-2F5C800F972B}
		{8209F4CE-98B6-4FBC-9170-69CAB2FB693E} = {175E0039-F004-438F-AE5F-4DE9AF272022}
		{27515C80-83E5-4488-81D2-2ED4E0C7FF6D} = {5391C725-5909-4CDD-A052-2F5C800F972B}
		{E23D5CB3-0163-4C8F-99A7-1447B6CEF54D} = {27515C80-83E5-4488-81D2-2ED4E0C7FF6D}
		{5935F25F-5DFA-48D7-AD2E-D29F9CAA92B7} = {27515C80-83E5-4488-81D2-2ED4E0C7FF6D}
		{8C7E0CDC-4F0B-4ABA-A890-176CFCD70A3B} = {27515C80-83E5-4488-81D2-2ED4E0C7FF6D}
		{E897D9D4-E6DE-4C36-B160-8ED2A5F861FF} = {27515C80-83E5-4488-81D2-2ED4E0C7FF6D}
		{DD7A1635-08D0-4B4F-A4F5-30680783E31E} = {98F9921B-E87B-4C90-B143-AA200048969A}
		{779BF145-31E7-4A2D-BC2F-D97CAA64D066} = {DD7A1635-08D0-4B4F-A4F5-30680783E31E}
		{44ABAF90-18F4-4D38-AA72-BCD8EFBED855} = {5391C725-5909-4CDD-A052-2F5C800F972B}
		{667DF5E8-BEBF-4CDF-BF88-CCF10BD23D84} = {44ABAF90-18F4-4D38-AA72-BCD8EFBED855}
		{B85E0114-68A7-4450-A89E-84F4EDE95A7D} = {98F9921B-E87B-4C90-B143-AA200048969A}
		{6402ED61-F034-4E68-AF8A-186AA99AB1C8} = {B85E0114-68A7-4450-A89E-84F4EDE95A7D}
		{339755C0-1410-4295-9C05-ED5C5D449F54} = {5391C725-5909-4CDD-A052-2F5C800F972B}
		{9AA02299-28B6-492B-9A0E-19E3B1E1AD83} = {339755C0-1410-4295-9C05-ED5C5D449F54}
		{079586F8-570C-43D8-973A-FB4F35097FE9} = {339755C0-1410-4295-9C05-ED5C5D449F54}
		{241F1FF2-BDE5-42A0-9C96-5316AA30D811} = {339755C0-1410-4295-9C05-ED5C5D449F54}
		{E6CD1FB9-539D-4425-9EAD-8292E70424F9} = {339755C0-1410-4295-9C05-ED5C5D449F54}
		{5FA5A4AE-1434-4702-9E46-FB1185D405A7} = {98F9921B-E87B-4C90-B143-AA200048969A}
		{00273D9B-4B0E-4934-8995-EE16B86DF2A7} = {5FA5A4AE-1434-4702-9E46-FB1185D405A7}
		{43F65E96-B35C-48A2-97C4-4FE6C4559E4B} = {EF24FD40-10EC-41D2-9A29-0C8A39C656C4}
		{B3452BD8-3C9F-492D-A736-2456B408865A} = {43F65E96-B35C-48A2-97C4-4FE6C4559E4B}
		{22998657-FAED-4993-9B8C-23B6BE5220DC} = {5391C725-5909-4CDD-A052-2F5C800F972B}
		{8B7C7DE3-047D-4A1B-B9C5-E9E049556FA5} = {22998657-FAED-4993-9B8C-23B6BE5220DC}
		{557FEE00-E916-4E03-A5E2-B8C52FFF88CA} = {5391C725-5909-4CDD-A052-2F5C800F972B}
		{75E03CDD-4252-4A15-8EFA-992EE1EC2EC7} = {557FEE00-E916-4E03-A5E2-B8C52FFF88CA}
		{A5259B6F-A6E8-4E50-BD15-2D0550D7C9A0} = {98F9921B-E87B-4C90-B143-AA200048969A}
		{92E9F8A0-BEC6-4774-ACB1-072CBD274921} = {A5259B6F-A6E8-4E50-BD15-2D0550D7C9A0}
	EndGlobalSection
	GlobalSection(ExtensibilityGlobals) = postSolution
		SolutionGuid = {2884E0BB-6D4B-4805-A636-1BD7EFB9A61B}
	EndGlobalSection
EndGlobal
